
Microsoft Visual Studio Solution File, Format Version 12.00
# Visual Studio Version 16
VisualStudioVersion = 16.0.29519.87
MinimumVisualStudioVersion = 10.0.40219.1
Project("{9A19103F-16F7-4668-BE54-9A1E7A4F7556}") = "NetStandard20", "NetStandard20\NetStandard20.csproj", "{1E77F82D-A3AB-48FC-8D8A-3AA64B45B861}"
EndProject
Project("{9A19103F-16F7-4668-BE54-9A1E7A4F7556}") = "NetStandard21", "NetStandard21\NetStandard21.csproj", "{FBFA15F5-B2AA-440E-BBDD-6380791D8D82}"
EndProject
Project("{9A19103F-16F7-4668-BE54-9A1E7A4F7556}") = "NetStandard20.Tests", "NetStandard20.Tests\NetStandard20.Tests.csproj", "{504BAEEB-2521-4794-91F2-89339BC3FE1A}"
EndProject
Project("{9A19103F-16F7-4668-BE54-9A1E7A4F7556}") = "NetStandard21.Tests", "NetStandard21.Tests\NetStandard21.Tests.csproj", "{9CD8461F-27AB-4428-9963-E252D7C779BB}"
EndProject
Project("{9A19103F-16F7-4668-BE54-9A1E7A4F7556}") = "NetCore31.Forms", "NetCore31.Forms\NetCore31.Forms.csproj", "{04069C8B-AD66-4FB5-81E6-491813E3664D}"
EndProject
Project("{9A19103F-16F7-4668-BE54-9A1E7A4F7556}") = "NetCore31.Wpf", "NetCore31.Wpf\NetCore31.Wpf.csproj", "{6E090E0F-7156-4559-8201-51F4A81EA24B}"
EndProject
Project("{9A19103F-16F7-4668-BE54-9A1E7A4F7556}") = "Net40", "Net40\Net40.csproj", "{883E3C3B-2F44-4A7F-B2EE-2E4D0CD610C4}"
EndProject
Project("{9A19103F-16F7-4668-BE54-9A1E7A4F7556}") = "Net40-Microsoft.Bcl.Async", "Net40-Microsoft.Bcl.Async\Net40-Microsoft.Bcl.Async.csproj", "{20A0C8F2-B387-40F6-BB59-C3E063163D35}"
EndProject
Project("{9A19103F-16F7-4668-BE54-9A1E7A4F7556}") = "Net45", "Net45\Net45.csproj", "{6D4725AD-D71D-4A22-AB83-54A68E22528D}"
EndProject
Global
	GlobalSection(SolutionConfigurationPlatforms) = preSolution
		Debug|Any CPU = Debug|Any CPU
		Release|Any CPU = Release|Any CPU
	EndGlobalSection
	GlobalSection(ProjectConfigurationPlatforms) = postSolution
		{1E77F82D-A3AB-48FC-8D8A-3AA64B45B861}.Debug|Any CPU.ActiveCfg = Debug|Any CPU
		{1E77F82D-A3AB-48FC-8D8A-3AA64B45B861}.Debug|Any CPU.Build.0 = Debug|Any CPU
		{1E77F82D-A3AB-48FC-8D8A-3AA64B45B861}.Release|Any CPU.ActiveCfg = Release|Any CPU
		{1E77F82D-A3AB-48FC-8D8A-3AA64B45B861}.Release|Any CPU.Build.0 = Release|Any CPU
		{FBFA15F5-B2AA-440E-BBDD-6380791D8D82}.Debug|Any CPU.ActiveCfg = Debug|Any CPU
		{FBFA15F5-B2AA-440E-BBDD-6380791D8D82}.Debug|Any CPU.Build.0 = Debug|Any CPU
		{FBFA15F5-B2AA-440E-BBDD-6380791D8D82}.Release|Any CPU.ActiveCfg = Release|Any CPU
		{FBFA15F5-B2AA-440E-BBDD-6380791D8D82}.Release|Any CPU.Build.0 = Release|Any CPU
		{504BAEEB-2521-4794-91F2-89339BC3FE1A}.Debug|Any CPU.ActiveCfg = Debug|Any CPU
		{504BAEEB-2521-4794-91F2-89339BC3FE1A}.Debug|Any CPU.Build.0 = Debug|Any CPU
		{504BAEEB-2521-4794-91F2-89339BC3FE1A}.Release|Any CPU.ActiveCfg = Release|Any CPU
		{504BAEEB-2521-4794-91F2-89339BC3FE1A}.Release|Any CPU.Build.0 = Release|Any CPU
		{9CD8461F-27AB-4428-9963-E252D7C779BB}.Debug|Any CPU.ActiveCfg = Debug|Any CPU
		{9CD8461F-27AB-4428-9963-E252D7C779BB}.Debug|Any CPU.Build.0 = Debug|Any CPU
		{9CD8461F-27AB-4428-9963-E252D7C779BB}.Release|Any CPU.ActiveCfg = Release|Any CPU
		{9CD8461F-27AB-4428-9963-E252D7C779BB}.Release|Any CPU.Build.0 = Release|Any CPU
		{04069C8B-AD66-4FB5-81E6-491813E3664D}.Debug|Any CPU.ActiveCfg = Debug|Any CPU
		{04069C8B-AD66-4FB5-81E6-491813E3664D}.Debug|Any CPU.Build.0 = Debug|Any CPU
		{04069C8B-AD66-4FB5-81E6-491813E3664D}.Release|Any CPU.ActiveCfg = Release|Any CPU
		{04069C8B-AD66-4FB5-81E6-491813E3664D}.Release|Any CPU.Build.0 = Release|Any CPU
		{6E090E0F-7156-4559-8201-51F4A81EA24B}.Debug|Any CPU.ActiveCfg = Debug|Any CPU
		{6E090E0F-7156-4559-8201-51F4A81EA24B}.Debug|Any CPU.Build.0 = Debug|Any CPU
		{6E090E0F-7156-4559-8201-51F4A81EA24B}.Release|Any CPU.ActiveCfg = Release|Any CPU
		{6E090E0F-7156-4559-8201-51F4A81EA24B}.Release|Any CPU.Build.0 = Release|Any CPU
		{883E3C3B-2F44-4A7F-B2EE-2E4D0CD610C4}.Debug|Any CPU.ActiveCfg = Debug|Any CPU
		{883E3C3B-2F44-4A7F-B2EE-2E4D0CD610C4}.Debug|Any CPU.Build.0 = Debug|Any CPU
		{883E3C3B-2F44-4A7F-B2EE-2E4D0CD610C4}.Release|Any CPU.ActiveCfg = Release|Any CPU
		{883E3C3B-2F44-4A7F-B2EE-2E4D0CD610C4}.Release|Any CPU.Build.0 = Release|Any CPU
		{20A0C8F2-B387-40F6-BB59-C3E063163D35}.Debug|Any CPU.ActiveCfg = Debug|Any CPU
		{20A0C8F2-B387-40F6-BB59-C3E063163D35}.Debug|Any CPU.Build.0 = Debug|Any CPU
		{20A0C8F2-B387-40F6-BB59-C3E063163D35}.Release|Any CPU.ActiveCfg = Release|Any CPU
		{20A0C8F2-B387-40F6-BB59-C3E063163D35}.Release|Any CPU.Build.0 = Release|Any CPU
		{6D4725AD-D71D-4A22-AB83-54A68E22528D}.Debug|Any CPU.ActiveCfg = Debug|Any CPU
		{6D4725AD-D71D-4A22-AB83-54A68E22528D}.Debug|Any CPU.Build.0 = Debug|Any CPU
		{6D4725AD-D71D-4A22-AB83-54A68E22528D}.Release|Any CPU.ActiveCfg = Release|Any CPU
		{6D4725AD-D71D-4A22-AB83-54A68E22528D}.Release|Any CPU.Build.0 = Release|Any CPU
	EndGlobalSection
	GlobalSection(SolutionProperties) = preSolution
		HideSolutionNode = FALSE
	EndGlobalSection
	GlobalSection(ExtensibilityGlobals) = postSolution
		SolutionGuid = {9AD3D924-2407-4D20-8BA0-EC0DA3BDB961}
	EndGlobalSection
EndGlobal
