
Microsoft Visual Studio Solution File, Format Version 12.00
# Visual Studio Version 16
VisualStudioVersion = 16.0.29519.87
MinimumVisualStudioVersion = 10.0.40219.1
Project("{9A19103F-16F7-4668-BE54-9A1E7A4F7556}") = "NetStandard20", "NetStandard20\NetStandard20.csproj", "{1E77F82D-A3AB-48FC-8D8A-3AA64B45B861}"
EndProject
Project("{9A19103F-16F7-4668-BE54-9A1E7A4F7556}") = "NetStandard21", "NetStandard21\NetStandard21.csproj", "{FBFA15F5-B2AA-440E-BBDD-6380791D8D82}"
EndProject
Project("{9A19103F-16F7-4668-BE54-9A1E7A4F7556}") = "NetStandard20.Tests", "NetStandard20.Tests\NetStandard20.Tests.csproj", "{504BAEEB-2521-4794-91F2-89339BC3FE1A}"
EndProject
Global
	GlobalSection(SolutionConfigurationPlatforms) = preSolution
		Debug|Any CPU = Debug|Any CPU
		Release|Any CPU = Release|Any CPU
	EndGlobalSection
	GlobalSection(ProjectConfigurationPlatforms) = postSolution
		{1E77F82D-A3AB-48FC-8D8A-3AA64B45B861}.Debug|Any CPU.ActiveCfg = Debug|Any CPU
		{1E77F82D-A3AB-48FC-8D8A-3AA64B45B861}.Debug|Any CPU.Build.0 = Debug|Any CPU
		{1E77F82D-A3AB-48FC-8D8A-3AA64B45B861}.Release|Any CPU.ActiveCfg = Release|Any CPU
		{1E77F82D-A3AB-48FC-8D8A-3AA64B45B861}.Release|Any CPU.Build.0 = Release|Any CPU
		{FBFA15F5-B2AA-440E-BBDD-6380791D8D82}.Debug|Any CPU.ActiveCfg = Debug|Any CPU
		{FBFA15F5-B2AA-440E-BBDD-6380791D8D82}.Debug|Any CPU.Build.0 = Debug|Any CPU
		{FBFA15F5-B2AA-440E-BBDD-6380791D8D82}.Release|Any CPU.ActiveCfg = Release|Any CPU
		{FBFA15F5-B2AA-440E-BBDD-6380791D8D82}.Release|Any CPU.Build.0 = Release|Any CPU
		{504BAEEB-2521-4794-91F2-89339BC3FE1A}.Debug|Any CPU.ActiveCfg = Debug|Any CPU
		{504BAEEB-2521-4794-91F2-89339BC3FE1A}.Debug|Any CPU.Build.0 = Debug|Any CPU
		{504BAEEB-2521-4794-91F2-89339BC3FE1A}.Release|Any CPU.ActiveCfg = Release|Any CPU
		{504BAEEB-2521-4794-91F2-89339BC3FE1A}.Release|Any CPU.Build.0 = Release|Any CPU
	EndGlobalSection
	GlobalSection(SolutionProperties) = preSolution
		HideSolutionNode = FALSE
	EndGlobalSection
	GlobalSection(ExtensibilityGlobals) = postSolution
		SolutionGuid = {9AD3D924-2407-4D20-8BA0-EC0DA3BDB961}
	EndGlobalSection
EndGlobal
